
Microsoft Visual Studio Solution File, Format Version 12.00
# Visual Studio Version 17
VisualStudioVersion = 17.14.36212.18
MinimumVisualStudioVersion = 10.0.40219.1
Project("{FAE04EC0-301F-11D3-BF4B-00C04F79EFBC}") = "ExcelPipeline", "ExcelPipeline\ExcelPipeline.csproj", "{F558F7BD-4061-411E-A1DE-817F790CCBD3}"
EndProject
Project("{FAE04EC0-301F-11D3-BF4B-00C04F79EFBC}") = "BackgroundService", "BackgroundService\BackgroundService.csproj", "{2F354F69-ACCA-4CCC-A9B3-2ED73CCD4758}"
EndProject
Global
	GlobalSection(SolutionConfigurationPlatforms) = preSolution
		Debug|Any CPU = Debug|Any CPU
		Release|Any CPU = Release|Any CPU
	EndGlobalSection
	GlobalSection(ProjectConfigurationPlatforms) = postSolution
		{F558F7BD-4061-411E-A1DE-817F790CCBD3}.Debug|Any CPU.ActiveCfg = Debug|Any CPU
		{F558F7BD-4061-411E-A1DE-817F790CCBD3}.Debug|Any CPU.Build.0 = Debug|Any CPU
		{F558F7BD-4061-411E-A1DE-817F790CCBD3}.Release|Any CPU.ActiveCfg = Release|Any CPU
		{F558F7BD-4061-411E-A1DE-817F790CCBD3}.Release|Any CPU.Build.0 = Release|Any CPU
		{2F354F69-ACCA-4CCC-A9B3-2ED73CCD4758}.Debug|Any CPU.ActiveCfg = Debug|Any CPU
		{2F354F69-ACCA-4CCC-A9B3-2ED73CCD4758}.Debug|Any CPU.Build.0 = Debug|Any CPU
		{2F354F69-ACCA-4CCC-A9B3-2ED73CCD4758}.Release|Any CPU.ActiveCfg = Release|Any CPU
		{2F354F69-ACCA-4CCC-A9B3-2ED73CCD4758}.Release|Any CPU.Build.0 = Release|Any CPU
	EndGlobalSection
	GlobalSection(SolutionProperties) = preSolution
		HideSolutionNode = FALSE
	EndGlobalSection
	GlobalSection(ExtensibilityGlobals) = postSolution
		SolutionGuid = {3D614142-6421-43A9-BDFD-B7F6E8D09EA9}
	EndGlobalSection
EndGlobal
